
Microsoft Visual Studio Solution File, Format Version 12.00
# Visual Studio Version 17
VisualStudioVersion = 17.14.36408.4 d17.14
MinimumVisualStudioVersion = 10.0.40219.1
Project("{FAE04EC0-301F-11D3-BF4B-00C04F79EFBC}") = "Prog3A25_AntoineTommy_Blazor", "Prog3A25_AntoineTommy_Blazor.csproj", "{1F0B9D39-8BA9-48B9-AF1A-560EEA0EA5D4}"
EndProject
Global
	GlobalSection(SolutionConfigurationPlatforms) = preSolution
		Debug|Any CPU = Debug|Any CPU
		Release|Any CPU = Release|Any CPU
	EndGlobalSection
	GlobalSection(ProjectConfigurationPlatforms) = postSolution
		{1F0B9D39-8BA9-48B9-AF1A-560EEA0EA5D4}.Debug|Any CPU.ActiveCfg = Debug|Any CPU
		{1F0B9D39-8BA9-48B9-AF1A-560EEA0EA5D4}.Debug|Any CPU.Build.0 = Debug|Any CPU
		{1F0B9D39-8BA9-48B9-AF1A-560EEA0EA5D4}.Release|Any CPU.ActiveCfg = Release|Any CPU
		{1F0B9D39-8BA9-48B9-AF1A-560EEA0EA5D4}.Release|Any CPU.Build.0 = Release|Any CPU
	EndGlobalSection
	GlobalSection(SolutionProperties) = preSolution
		HideSolutionNode = FALSE
	EndGlobalSection
	GlobalSection(ExtensibilityGlobals) = postSolution
		SolutionGuid = {307BD11C-45FE-4549-8981-E3ACA0AA76C7}
	EndGlobalSection
EndGlobal
